// !$*UTF8*$!
{
	archiveVersion = 1;
	classes = {
	};
	objectVersion = 48;
	objects = {

/* Begin PBXBuildFile section */
		AC6E96682046089E00C86AD2 /* AppDelegate.swift in Sources */ = {isa = PBXBuildFile; fileRef = AC6E96672046089E00C86AD2 /* AppDelegate.swift */; };
		AC6E966A2046089E00C86AD2 /* ViewController.swift in Sources */ = {isa = PBXBuildFile; fileRef = AC6E96692046089E00C86AD2 /* ViewController.swift */; };
		AC6E966D2046089E00C86AD2 /* Main.storyboard in Resources */ = {isa = PBXBuildFile; fileRef = AC6E966B2046089E00C86AD2 /* Main.storyboard */; };
		AC6E966F2046089E00C86AD2 /* Assets.xcassets in Resources */ = {isa = PBXBuildFile; fileRef = AC6E966E2046089E00C86AD2 /* Assets.xcassets */; };
		AC6E96722046089E00C86AD2 /* LaunchScreen.storyboard in Resources */ = {isa = PBXBuildFile; fileRef = AC6E96702046089E00C86AD2 /* LaunchScreen.storyboard */; };
		AC6E967D2046089E00C86AD2 /* Tic_Tac_ToeTests.swift in Sources */ = {isa = PBXBuildFile; fileRef = AC6E967C2046089E00C86AD2 /* Tic_Tac_ToeTests.swift */; };
		AC6E96882046089E00C86AD2 /* Tic_Tac_ToeUITests.swift in Sources */ = {isa = PBXBuildFile; fileRef = AC6E96872046089E00C86AD2 /* Tic_Tac_ToeUITests.swift */; };
		AC6E96982046094D00C86AD2 /* nought.png in Resources */ = {isa = PBXBuildFile; fileRef = AC6E96952046094D00C86AD2 /* nought.png */; };
		AC6E96992046094D00C86AD2 /* board.png in Resources */ = {isa = PBXBuildFile; fileRef = AC6E96962046094D00C86AD2 /* board.png */; };
		AC6E969A2046094D00C86AD2 /* cross.png in Resources */ = {isa = PBXBuildFile; fileRef = AC6E96972046094D00C86AD2 /* cross.png */; };
/* End PBXBuildFile section */

/* Begin PBXContainerItemProxy section */
		AC6E96792046089E00C86AD2 /* PBXContainerItemProxy */ = {
			isa = PBXContainerItemProxy;
			containerPortal = AC6E965C2046089E00C86AD2 /* Project object */;
			proxyType = 1;
			remoteGlobalIDString = AC6E96632046089E00C86AD2;
			remoteInfo = "Tic Tac Toe";
		};
		AC6E96842046089E00C86AD2 /* PBXContainerItemProxy */ = {
			isa = PBXContainerItemProxy;
			containerPortal = AC6E965C2046089E00C86AD2 /* Project object */;
			proxyType = 1;
			remoteGlobalIDString = AC6E96632046089E00C86AD2;
			remoteInfo = "Tic Tac Toe";
		};
/* End PBXContainerItemProxy section */

/* Begin PBXFileReference section */
		AC6E96642046089E00C86AD2 /* Tic Tac Toe.app */ = {isa = PBXFileReference; explicitFileType = wrapper.application; includeInIndex = 0; path = "Tic Tac Toe.app"; sourceTree = BUILT_PRODUCTS_DIR; };
		AC6E96672046089E00C86AD2 /* AppDelegate.swift */ = {isa = PBXFileReference; lastKnownFileType = sourcecode.swift; path = AppDelegate.swift; sourceTree = "<group>"; };
		AC6E96692046089E00C86AD2 /* ViewController.swift */ = {isa = PBXFileReference; lastKnownFileType = sourcecode.swift; path = ViewController.swift; sourceTree = "<group>"; };
		AC6E966C2046089E00C86AD2 /* Base */ = {isa = PBXFileReference; lastKnownFileType = file.storyboard; name = Base; path = Base.lproj/Main.storyboard; sourceTree = "<group>"; };
		AC6E966E2046089E00C86AD2 /* Assets.xcassets */ = {isa = PBXFileReference; lastKnownFileType = folder.assetcatalog; path = Assets.xcassets; sourceTree = "<group>"; };
		AC6E96712046089E00C86AD2 /* Base */ = {isa = PBXFileReference; lastKnownFileType = file.storyboard; name = Base; path = Base.lproj/LaunchScreen.storyboard; sourceTree = "<group>"; };
		AC6E96732046089E00C86AD2 /* Info.plist */ = {isa = PBXFileReference; lastKnownFileType = text.plist.xml; path = Info.plist; sourceTree = "<group>"; };
		AC6E96782046089E00C86AD2 /* Tic Tac ToeTests.xctest */ = {isa = PBXFileReference; explicitFileType = wrapper.cfbundle; includeInIndex = 0; path = "Tic Tac ToeTests.xctest"; sourceTree = BUILT_PRODUCTS_DIR; };
		AC6E967C2046089E00C86AD2 /* Tic_Tac_ToeTests.swift */ = {isa = PBXFileReference; lastKnownFileType = sourcecode.swift; path = Tic_Tac_ToeTests.swift; sourceTree = "<group>"; };
		AC6E967E2046089E00C86AD2 /* Info.plist */ = {isa = PBXFileReference; lastKnownFileType = text.plist.xml; path = Info.plist; sourceTree = "<group>"; };
		AC6E96832046089E00C86AD2 /* Tic Tac ToeUITests.xctest */ = {isa = PBXFileReference; explicitFileType = wrapper.cfbundle; includeInIndex = 0; path = "Tic Tac ToeUITests.xctest"; sourceTree = BUILT_PRODUCTS_DIR; };
		AC6E96872046089E00C86AD2 /* Tic_Tac_ToeUITests.swift */ = {isa = PBXFileReference; lastKnownFileType = sourcecode.swift; path = Tic_Tac_ToeUITests.swift; sourceTree = "<group>"; };
		AC6E96892046089E00C86AD2 /* Info.plist */ = {isa = PBXFileReference; lastKnownFileType = text.plist.xml; path = Info.plist; sourceTree = "<group>"; };
		AC6E96952046094D00C86AD2 /* nought.png */ = {isa = PBXFileReference; lastKnownFileType = image.png; path = nought.png; sourceTree = "<group>"; };
		AC6E96962046094D00C86AD2 /* board.png */ = {isa = PBXFileReference; lastKnownFileType = image.png; path = board.png; sourceTree = "<group>"; };
		AC6E96972046094D00C86AD2 /* cross.png */ = {isa = PBXFileReference; lastKnownFileType = image.png; path = cross.png; sourceTree = "<group>"; };
/* End PBXFileReference section */

/* Begin PBXFrameworksBuildPhase section */
		AC6E96612046089E00C86AD2 /* Frameworks */ = {
			isa = PBXFrameworksBuildPhase;
			buildActionMask = 2147483647;
			files = (
			);
			runOnlyForDeploymentPostprocessing = 0;
		};
		AC6E96752046089E00C86AD2 /* Frameworks */ = {
			isa = PBXFrameworksBuildPhase;
			buildActionMask = 2147483647;
			files = (
			);
			runOnlyForDeploymentPostprocessing = 0;
		};
		AC6E96802046089E00C86AD2 /* Frameworks */ = {
			isa = PBXFrameworksBuildPhase;
			buildActionMask = 2147483647;
			files = (
			);
			runOnlyForDeploymentPostprocessing = 0;
		};
/* End PBXFrameworksBuildPhase section */

/* Begin PBXGroup section */
		AC6E965B2046089E00C86AD2 = {
			isa = PBXGroup;
			children = (
				AC6E96662046089E00C86AD2 /* Tic Tac Toe */,
				AC6E967B2046089E00C86AD2 /* Tic Tac ToeTests */,
				AC6E96862046089E00C86AD2 /* Tic Tac ToeUITests */,
				AC6E96652046089E00C86AD2 /* Products */,
			);
			sourceTree = "<group>";
		};
		AC6E96652046089E00C86AD2 /* Products */ = {
			isa = PBXGroup;
			children = (
				AC6E96642046089E00C86AD2 /* Tic Tac Toe.app */,
				AC6E96782046089E00C86AD2 /* Tic Tac ToeTests.xctest */,
				AC6E96832046089E00C86AD2 /* Tic Tac ToeUITests.xctest */,
			);
			name = Products;
			sourceTree = "<group>";
		};
		AC6E96662046089E00C86AD2 /* Tic Tac Toe */ = {
			isa = PBXGroup;
			children = (
				AC6E96672046089E00C86AD2 /* AppDelegate.swift */,
				AC6E96692046089E00C86AD2 /* ViewController.swift */,
				AC6E966B2046089E00C86AD2 /* Main.storyboard */,
				AC6E966E2046089E00C86AD2 /* Assets.xcassets */,
				AC6E96702046089E00C86AD2 /* LaunchScreen.storyboard */,
				AC6E96732046089E00C86AD2 /* Info.plist */,
				AC6E96962046094D00C86AD2 /* board.png */,
				AC6E96972046094D00C86AD2 /* cross.png */,
				AC6E96952046094D00C86AD2 /* nought.png */,
			);
			path = "Tic Tac Toe";
			sourceTree = "<group>";
		};
		AC6E967B2046089E00C86AD2 /* Tic Tac ToeTests */ = {
			isa = PBXGroup;
			children = (
				AC6E967C2046089E00C86AD2 /* Tic_Tac_ToeTests.swift */,
				AC6E967E2046089E00C86AD2 /* Info.plist */,
			);
			path = "Tic Tac ToeTests";
			sourceTree = "<group>";
		};
		AC6E96862046089E00C86AD2 /* Tic Tac ToeUITests */ = {
			isa = PBXGroup;
			children = (
				AC6E96872046089E00C86AD2 /* Tic_Tac_ToeUITests.swift */,
				AC6E96892046089E00C86AD2 /* Info.plist */,
			);
			path = "Tic Tac ToeUITests";
			sourceTree = "<group>";
		};
/* End PBXGroup section */

/* Begin PBXNativeTarget section */
		AC6E96632046089E00C86AD2 /* Tic Tac Toe */ = {
			isa = PBXNativeTarget;
			buildConfigurationList = AC6E968C2046089E00C86AD2 /* Build configuration list for PBXNativeTarget "Tic Tac Toe" */;
			buildPhases = (
				AC6E96602046089E00C86AD2 /* Sources */,
				AC6E96612046089E00C86AD2 /* Frameworks */,
				AC6E96622046089E00C86AD2 /* Resources */,
			);
			buildRules = (
			);
			dependencies = (
			);
			name = "Tic Tac Toe";
			productName = "Tic Tac Toe";
			productReference = AC6E96642046089E00C86AD2 /* Tic Tac Toe.app */;
			productType = "com.apple.product-type.application";
		};
		AC6E96772046089E00C86AD2 /* Tic Tac ToeTests */ = {
			isa = PBXNativeTarget;
			buildConfigurationList = AC6E968F2046089E00C86AD2 /* Build configuration list for PBXNativeTarget "Tic Tac ToeTests" */;
			buildPhases = (
				AC6E96742046089E00C86AD2 /* Sources */,
				AC6E96752046089E00C86AD2 /* Frameworks */,
				AC6E96762046089E00C86AD2 /* Resources */,
			);
			buildRules = (
			);
			dependencies = (
				AC6E967A2046089E00C86AD2 /* PBXTargetDependency */,
			);
			name = "Tic Tac ToeTests";
			productName = "Tic Tac ToeTests";
			productReference = AC6E96782046089E00C86AD2 /* Tic Tac ToeTests.xctest */;
			productType = "com.apple.product-type.bundle.unit-test";
		};
		AC6E96822046089E00C86AD2 /* Tic Tac ToeUITests */ = {
			isa = PBXNativeTarget;
			buildConfigurationList = AC6E96922046089E00C86AD2 /* Build configuration list for PBXNativeTarget "Tic Tac ToeUITests" */;
			buildPhases = (
				AC6E967F2046089E00C86AD2 /* Sources */,
				AC6E96802046089E00C86AD2 /* Frameworks */,
				AC6E96812046089E00C86AD2 /* Resources */,
			);
			buildRules = (
			);
			dependencies = (
				AC6E96852046089E00C86AD2 /* PBXTargetDependency */,
			);
			name = "Tic Tac ToeUITests";
			productName = "Tic Tac ToeUITests";
			productReference = AC6E96832046089E00C86AD2 /* Tic Tac ToeUITests.xctest */;
			productType = "com.apple.product-type.bundle.ui-testing";
		};
/* End PBXNativeTarget section */

/* Begin PBXProject section */
		AC6E965C2046089E00C86AD2 /* Project object */ = {
			isa = PBXProject;
			attributes = {
				LastSwiftUpdateCheck = 0920;
				LastUpgradeCheck = 0920;
				ORGANIZATIONNAME = "Sheena Elveus";
				TargetAttributes = {
					AC6E96632046089E00C86AD2 = {
						CreatedOnToolsVersion = 9.2;
						ProvisioningStyle = Automatic;
					};
					AC6E96772046089E00C86AD2 = {
						CreatedOnToolsVersion = 9.2;
						ProvisioningStyle = Automatic;
						TestTargetID = AC6E96632046089E00C86AD2;
					};
					AC6E96822046089E00C86AD2 = {
						CreatedOnToolsVersion = 9.2;
						ProvisioningStyle = Automatic;
						TestTargetID = AC6E96632046089E00C86AD2;
					};
				};
			};
			buildConfigurationList = AC6E965F2046089E00C86AD2 /* Build configuration list for PBXProject "Tic Tac Toe" */;
			compatibilityVersion = "Xcode 8.0";
			developmentRegion = en;
			hasScannedForEncodings = 0;
			knownRegions = (
				en,
				Base,
			);
			mainGroup = AC6E965B2046089E00C86AD2;
			productRefGroup = AC6E96652046089E00C86AD2 /* Products */;
			projectDirPath = "";
			projectRoot = "";
			targets = (
				AC6E96632046089E00C86AD2 /* Tic Tac Toe */,
				AC6E96772046089E00C86AD2 /* Tic Tac ToeTests */,
				AC6E96822046089E00C86AD2 /* Tic Tac ToeUITests */,
			);
		};
/* End PBXProject section */

/* Begin PBXResourcesBuildPhase section */
		AC6E96622046089E00C86AD2 /* Resources */ = {
			isa = PBXResourcesBuildPhase;
			buildActionMask = 2147483647;
			files = (
				AC6E969A2046094D00C86AD2 /* cross.png in Resources */,
				AC6E96722046089E00C86AD2 /* LaunchScreen.storyboard in Resources */,
				AC6E966F2046089E00C86AD2 /* Assets.xcassets in Resources */,
				AC6E96982046094D00C86AD2 /* nought.png in Resources */,
				AC6E96992046094D00C86AD2 /* board.png in Resources */,
				AC6E966D2046089E00C86AD2 /* Main.storyboard in Resources */,
			);
			runOnlyForDeploymentPostprocessing = 0;
		};
		AC6E96762046089E00C86AD2 /* Resources */ = {
			isa = PBXResourcesBuildPhase;
			buildActionMask = 2147483647;
			files = (
			);
			runOnlyForDeploymentPostprocessing = 0;
		};
		AC6E96812046089E00C86AD2 /* Resources */ = {
			isa = PBXResourcesBuildPhase;
			buildActionMask = 2147483647;
			files = (
			);
			runOnlyForDeploymentPostprocessing = 0;
		};
/* End PBXResourcesBuildPhase section */

/* Begin PBXSourcesBuildPhase section */
		AC6E96602046089E00C86AD2 /* Sources */ = {
			isa = PBXSourcesBuildPhase;
			buildActionMask = 2147483647;
			files = (
				AC6E966A2046089E00C86AD2 /* ViewController.swift in Sources */,
				AC6E96682046089E00C86AD2 /* AppDelegate.swift in Sources */,
			);
			runOnlyForDeploymentPostprocessing = 0;
		};
		AC6E96742046089E00C86AD2 /* Sources */ = {
			isa = PBXSourcesBuildPhase;
			buildActionMask = 2147483647;
			files = (
				AC6E967D2046089E00C86AD2 /* Tic_Tac_ToeTests.swift in Sources */,
			);
			runOnlyForDeploymentPostprocessing = 0;
		};
		AC6E967F2046089E00C86AD2 /* Sources */ = {
			isa = PBXSourcesBuildPhase;
			buildActionMask = 2147483647;
			files = (
				AC6E96882046089E00C86AD2 /* Tic_Tac_ToeUITests.swift in Sources */,
			);
			runOnlyForDeploymentPostprocessing = 0;
		};
/* End PBXSourcesBuildPhase section */

/* Begin PBXTargetDependency section */
		AC6E967A2046089E00C86AD2 /* PBXTargetDependency */ = {
			isa = PBXTargetDependency;
			target = AC6E96632046089E00C86AD2 /* Tic Tac Toe */;
			targetProxy = AC6E96792046089E00C86AD2 /* PBXContainerItemProxy */;
		};
		AC6E96852046089E00C86AD2 /* PBXTargetDependency */ = {
			isa = PBXTargetDependency;
			target = AC6E96632046089E00C86AD2 /* Tic Tac Toe */;
			targetProxy = AC6E96842046089E00C86AD2 /* PBXContainerItemProxy */;
		};
/* End PBXTargetDependency section */

/* Begin PBXVariantGroup section */
		AC6E966B2046089E00C86AD2 /* Main.storyboard */ = {
			isa = PBXVariantGroup;
			children = (
				AC6E966C2046089E00C86AD2 /* Base */,
			);
			name = Main.storyboard;
			sourceTree = "<group>";
		};
		AC6E96702046089E00C86AD2 /* LaunchScreen.storyboard */ = {
			isa = PBXVariantGroup;
			children = (
				AC6E96712046089E00C86AD2 /* Base */,
			);
			name = LaunchScreen.storyboard;
			sourceTree = "<group>";
		};
/* End PBXVariantGroup section */

/* Begin XCBuildConfiguration section */
		AC6E968A2046089E00C86AD2 /* Debug */ = {
			isa = XCBuildConfiguration;
			buildSettings = {
				ALWAYS_SEARCH_USER_PATHS = NO;
				CLANG_ANALYZER_NONNULL = YES;
				CLANG_ANALYZER_NUMBER_OBJECT_CONVERSION = YES_AGGRESSIVE;
				CLANG_CXX_LANGUAGE_STANDARD = "gnu++14";
				CLANG_CXX_LIBRARY = "libc++";
				CLANG_ENABLE_MODULES = YES;
				CLANG_ENABLE_OBJC_ARC = YES;
				CLANG_WARN_BLOCK_CAPTURE_AUTORELEASING = YES;
				CLANG_WARN_BOOL_CONVERSION = YES;
				CLANG_WARN_COMMA = YES;
				CLANG_WARN_CONSTANT_CONVERSION = YES;
				CLANG_WARN_DIRECT_OBJC_ISA_USAGE = YES_ERROR;
				CLANG_WARN_DOCUMENTATION_COMMENTS = YES;
				CLANG_WARN_EMPTY_BODY = YES;
				CLANG_WARN_ENUM_CONVERSION = YES;
				CLANG_WARN_INFINITE_RECURSION = YES;
				CLANG_WARN_INT_CONVERSION = YES;
				CLANG_WARN_NON_LITERAL_NULL_CONVERSION = YES;
				CLANG_WARN_OBJC_LITERAL_CONVERSION = YES;
				CLANG_WARN_OBJC_ROOT_CLASS = YES_ERROR;
				CLANG_WARN_RANGE_LOOP_ANALYSIS = YES;
				CLANG_WARN_STRICT_PROTOTYPES = YES;
				CLANG_WARN_SUSPICIOUS_MOVE = YES;
				CLANG_WARN_UNGUARDED_AVAILABILITY = YES_AGGRESSIVE;
				CLANG_WARN_UNREACHABLE_CODE = YES;
				CLANG_WARN__DUPLICATE_METHOD_MATCH = YES;
				CODE_SIGN_IDENTITY = "iPhone Developer";
				COPY_PHASE_STRIP = NO;
				DEBUG_INFORMATION_FORMAT = dwarf;
				ENABLE_STRICT_OBJC_MSGSEND = YES;
				ENABLE_TESTABILITY = YES;
				GCC_C_LANGUAGE_STANDARD = gnu11;
				GCC_DYNAMIC_NO_PIC = NO;
				GCC_NO_COMMON_BLOCKS = YES;
				GCC_OPTIMIZATION_LEVEL = 0;
				GCC_PREPROCESSOR_DEFINITIONS = (
					"DEBUG=1",
					"$(inherited)",
				);
				GCC_WARN_64_TO_32_BIT_CONVERSION = YES;
				GCC_WARN_ABOUT_RETURN_TYPE = YES_ERROR;
				GCC_WARN_UNDECLARED_SELECTOR = YES;
				GCC_WARN_UNINITIALIZED_AUTOS = YES_AGGRESSIVE;
				GCC_WARN_UNUSED_FUNCTION = YES;
				GCC_WARN_UNUSED_VARIABLE = YES;
				IPHONEOS_DEPLOYMENT_TARGET = 11.2;
				MTL_ENABLE_DEBUG_INFO = YES;
				ONLY_ACTIVE_ARCH = YES;
				SDKROOT = iphoneos;
				SWIFT_ACTIVE_COMPILATION_CONDITIONS = DEBUG;
				SWIFT_OPTIMIZATION_LEVEL = "-Onone";
			};
			name = Debug;
		};
		AC6E968B2046089E00C86AD2 /* Release */ = {
			isa = XCBuildConfiguration;
			buildSettings = {
				ALWAYS_SEARCH_USER_PATHS = NO;
				CLANG_ANALYZER_NONNULL = YES;
				CLANG_ANALYZER_NUMBER_OBJECT_CONVERSION = YES_AGGRESSIVE;
				CLANG_CXX_LANGUAGE_STANDARD = "gnu++14";
				CLANG_CXX_LIBRARY = "libc++";
				CLANG_ENABLE_MODULES = YES;
				CLANG_ENABLE_OBJC_ARC = YES;
				CLANG_WARN_BLOCK_CAPTURE_AUTORELEASING = YES;
				CLANG_WARN_BOOL_CONVERSION = YES;
				CLANG_WARN_COMMA = YES;
				CLANG_WARN_CONSTANT_CONVERSION = YES;
				CLANG_WARN_DIRECT_OBJC_ISA_USAGE = YES_ERROR;
				CLANG_WARN_DOCUMENTATION_COMMENTS = YES;
				CLANG_WARN_EMPTY_BODY = YES;
				CLANG_WARN_ENUM_CONVERSION = YES;
				CLANG_WARN_INFINITE_RECURSION = YES;
				CLANG_WARN_INT_CONVERSION = YES;
				CLANG_WARN_NON_LITERAL_NULL_CONVERSION = YES;
				CLANG_WARN_OBJC_LITERAL_CONVERSION = YES;
				CLANG_WARN_OBJC_ROOT_CLASS = YES_ERROR;
				CLANG_WARN_RANGE_LOOP_ANALYSIS = YES;
				CLANG_WARN_STRICT_PROTOTYPES = YES;
				CLANG_WARN_SUSPICIOUS_MOVE = YES;
				CLANG_WARN_UNGUARDED_AVAILABILITY = YES_AGGRESSIVE;
				CLANG_WARN_UNREACHABLE_CODE = YES;
				CLANG_WARN__DUPLICATE_METHOD_MATCH = YES;
				CODE_SIGN_IDENTITY = "iPhone Developer";
				COPY_PHASE_STRIP = NO;
				DEBUG_INFORMATION_FORMAT = "dwarf-with-dsym";
				ENABLE_NS_ASSERTIONS = NO;
				ENABLE_STRICT_OBJC_MSGSEND = YES;
				GCC_C_LANGUAGE_STANDARD = gnu11;
				GCC_NO_COMMON_BLOCKS = YES;
				GCC_WARN_64_TO_32_BIT_CONVERSION = YES;
				GCC_WARN_ABOUT_RETURN_TYPE = YES_ERROR;
				GCC_WARN_UNDECLARED_SELECTOR = YES;
				GCC_WARN_UNINITIALIZED_AUTOS = YES_AGGRESSIVE;
				GCC_WARN_UNUSED_FUNCTION = YES;
				GCC_WARN_UNUSED_VARIABLE = YES;
				IPHONEOS_DEPLOYMENT_TARGET = 11.2;
				MTL_ENABLE_DEBUG_INFO = NO;
				SDKROOT = iphoneos;
				SWIFT_OPTIMIZATION_LEVEL = "-Owholemodule";
				VALIDATE_PRODUCT = YES;
			};
			name = Release;
		};
		AC6E968D2046089E00C86AD2 /* Debug */ = {
			isa = XCBuildConfiguration;
			buildSettings = {
				ASSETCATALOG_COMPILER_APPICON_NAME = AppIcon;
				CODE_SIGN_STYLE = Automatic;
				DEVELOPMENT_TEAM = 4R9SYN9R57;
				INFOPLIST_FILE = "Tic Tac Toe/Info.plist";
				LD_RUNPATH_SEARCH_PATHS = "$(inherited) @executable_path/Frameworks";
				PRODUCT_BUNDLE_IDENTIFIER = "com.sheenaelveus.Tic-Tac-Toe";
				PRODUCT_NAME = "$(TARGET_NAME)";
				SWIFT_VERSION = 4.0;
				TARGETED_DEVICE_FAMILY = "1,2";
			};
			name = Debug;
		};
		AC6E968E2046089E00C86AD2 /* Release */ = {
			isa = XCBuildConfiguration;
			buildSettings = {
				ASSETCATALOG_COMPILER_APPICON_NAME = AppIcon;
				CODE_SIGN_STYLE = Automatic;
				DEVELOPMENT_TEAM = 4R9SYN9R57;
				INFOPLIST_FILE = "Tic Tac Toe/Info.plist";
				LD_RUNPATH_SEARCH_PATHS = "$(inherited) @executable_path/Frameworks";
				PRODUCT_BUNDLE_IDENTIFIER = "com.sheenaelveus.Tic-Tac-Toe";
				PRODUCT_NAME = "$(TARGET_NAME)";
				SWIFT_VERSION = 4.0;
				TARGETED_DEVICE_FAMILY = "1,2";
			};
			name = Release;
		};
		AC6E96902046089E00C86AD2 /* Debug */ = {
			isa = XCBuildConfiguration;
			buildSettings = {
				ALWAYS_EMBED_SWIFT_STANDARD_LIBRARIES = YES;
				BUNDLE_LOADER = "$(TEST_HOST)";
				CODE_SIGN_STYLE = Automatic;
				DEVELOPMENT_TEAM = 4R9SYN9R57;
				INFOPLIST_FILE = "Tic Tac ToeTests/Info.plist";
				LD_RUNPATH_SEARCH_PATHS = "$(inherited) @executable_path/Frameworks @loader_path/Frameworks";
				PRODUCT_BUNDLE_IDENTIFIER = "com.sheenaelveus.Tic-Tac-ToeTests";
				PRODUCT_NAME = "$(TARGET_NAME)";
				SWIFT_VERSION = 4.0;
				TARGETED_DEVICE_FAMILY = "1,2";
				TEST_HOST = "$(BUILT_PRODUCTS_DIR)/Tic Tac Toe.app/Tic Tac Toe";
			};
			name = Debug;
		};
		AC6E96912046089E00C86AD2 /* Release */ = {
			isa = XCBuildConfiguration;
			buildSettings = {
				ALWAYS_EMBED_SWIFT_STANDARD_LIBRARIES = YES;
				BUNDLE_LOADER = "$(TEST_HOST)";
				CODE_SIGN_STYLE = Automatic;
				DEVELOPMENT_TEAM = 4R9SYN9R57;
				INFOPLIST_FILE = "Tic Tac ToeTests/Info.plist";
				LD_RUNPATH_SEARCH_PATHS = "$(inherited) @executable_path/Frameworks @loader_path/Frameworks";
				PRODUCT_BUNDLE_IDENTIFIER = "com.sheenaelveus.Tic-Tac-ToeTests";
				PRODUCT_NAME = "$(TARGET_NAME)";
				SWIFT_VERSION = 4.0;
				TARGETED_DEVICE_FAMILY = "1,2";
				TEST_HOST = "$(BUILT_PRODUCTS_DIR)/Tic Tac Toe.app/Tic Tac Toe";
			};
			name = Release;
		};
		AC6E96932046089E00C86AD2 /* Debug */ = {
			isa = XCBuildConfiguration;
			buildSettings = {
				ALWAYS_EMBED_SWIFT_STANDARD_LIBRARIES = YES;
				CODE_SIGN_STYLE = Automatic;
				DEVELOPMENT_TEAM = 4R9SYN9R57;
				INFOPLIST_FILE = "Tic Tac ToeUITests/Info.plist";
				LD_RUNPATH_SEARCH_PATHS = "$(inherited) @executable_path/Frameworks @loader_path/Frameworks";
				PRODUCT_BUNDLE_IDENTIFIER = "com.sheenaelveus.Tic-Tac-ToeUITests";
				PRODUCT_NAME = "$(TARGET_NAME)";
				SWIFT_VERSION = 4.0;
				TARGETED_DEVICE_FAMILY = "1,2";
				TEST_TARGET_NAME = "Tic Tac Toe";
			};
			name = Debug;
		};
		AC6E96942046089E00C86AD2 /* Release */ = {
			isa = XCBuildConfiguration;
			buildSettings = {
				ALWAYS_EMBED_SWIFT_STANDARD_LIBRARIES = YES;
				CODE_SIGN_STYLE = Automatic;
				DEVELOPMENT_TEAM = 4R9SYN9R57;
				INFOPLIST_FILE = "Tic Tac ToeUITests/Info.plist";
				LD_RUNPATH_SEARCH_PATHS = "$(inherited) @executable_path/Frameworks @loader_path/Frameworks";
				PRODUCT_BUNDLE_IDENTIFIER = "com.sheenaelveus.Tic-Tac-ToeUITests";
				PRODUCT_NAME = "$(TARGET_NAME)";
				SWIFT_VERSION = 4.0;
				TARGETED_DEVICE_FAMILY = "1,2";
				TEST_TARGET_NAME = "Tic Tac Toe";
			};
			name = Release;
		};
/* End XCBuildConfiguration section */

/* Begin XCConfigurationList section */
		AC6E965F2046089E00C86AD2 /* Build configuration list for PBXProject "Tic Tac Toe" */ = {
			isa = XCConfigurationList;
			buildConfigurations = (
				AC6E968A2046089E00C86AD2 /* Debug */,
				AC6E968B2046089E00C86AD2 /* Release */,
			);
			defaultConfigurationIsVisible = 0;
			defaultConfigurationName = Release;
		};
		AC6E968C2046089E00C86AD2 /* Build configuration list for PBXNativeTarget "Tic Tac Toe" */ = {
			isa = XCConfigurationList;
			buildConfigurations = (
				AC6E968D2046089E00C86AD2 /* Debug */,
				AC6E968E2046089E00C86AD2 /* Release */,
			);
			defaultConfigurationIsVisible = 0;
			defaultConfigurationName = Release;
		};
		AC6E968F2046089E00C86AD2 /* Build configuration list for PBXNativeTarget "Tic Tac ToeTests" */ = {
			isa = XCConfigurationList;
			buildConfigurations = (
				AC6E96902046089E00C86AD2 /* Debug */,
				AC6E96912046089E00C86AD2 /* Release */,
			);
			defaultConfigurationIsVisible = 0;
			defaultConfigurationName = Release;
		};
		AC6E96922046089E00C86AD2 /* Build configuration list for PBXNativeTarget "Tic Tac ToeUITests" */ = {
			isa = XCConfigurationList;
			buildConfigurations = (
				AC6E96932046089E00C86AD2 /* Debug */,
				AC6E96942046089E00C86AD2 /* Release */,
			);
			defaultConfigurationIsVisible = 0;
			defaultConfigurationName = Release;
		};
/* End XCConfigurationList section */
	};
	rootObject = AC6E965C2046089E00C86AD2 /* Project object */;
}
